// !$*UTF8*$!
{
	archiveVersion = 1;
	classes = {
	};
	objectVersion = 46;
	objects = {

/* Begin PBXBuildFile section */
		42519C231DAEDC220038A655 /* AppDelegate.swift in Sources */ = {isa = PBXBuildFile; fileRef = 42519C221DAEDC220038A655 /* AppDelegate.swift */; };
		42519C251DAEDC220038A655 /* ViewController.swift in Sources */ = {isa = PBXBuildFile; fileRef = 42519C241DAEDC220038A655 /* ViewController.swift */; };
		42519C281DAEDC220038A655 /* Main.storyboard in Resources */ = {isa = PBXBuildFile; fileRef = 42519C261DAEDC220038A655 /* Main.storyboard */; };
		42519C2A1DAEDC220038A655 /* Assets.xcassets in Resources */ = {isa = PBXBuildFile; fileRef = 42519C291DAEDC220038A655 /* Assets.xcassets */; };
		42519C2D1DAEDC220038A655 /* LaunchScreen.storyboard in Resources */ = {isa = PBXBuildFile; fileRef = 42519C2B1DAEDC220038A655 /* LaunchScreen.storyboard */; };
		42519C381DAEDC220038A655 /* Trump_vs_HillaryTests.swift in Sources */ = {isa = PBXBuildFile; fileRef = 42519C371DAEDC220038A655 /* Trump_vs_HillaryTests.swift */; };
		42519C431DAEDC220038A655 /* Trump_vs_HillaryUITests.swift in Sources */ = {isa = PBXBuildFile; fileRef = 42519C421DAEDC220038A655 /* Trump_vs_HillaryUITests.swift */; };
		42519C511DAEDD590038A655 /* GoogleService-Info.plist in Resources */ = {isa = PBXBuildFile; fileRef = 42519C501DAEDD590038A655 /* GoogleService-Info.plist */; };
		427232411DAEE08A00EA3C89 /* MaterialButton.swift in Sources */ = {isa = PBXBuildFile; fileRef = 427232401DAEE08A00EA3C89 /* MaterialButton.swift */; };
		427232441DAEE10F00EA3C89 /* MaterialView.swift in Sources */ = {isa = PBXBuildFile; fileRef = 427232431DAEE10F00EA3C89 /* MaterialView.swift */; };
		427232461DAEE4D300EA3C89 /* Constants.swift in Sources */ = {isa = PBXBuildFile; fileRef = 427232451DAEE4D300EA3C89 /* Constants.swift */; };
		427232531DAEE57900EA3C89 /* ProgressHUD.bundle in Resources */ = {isa = PBXBuildFile; fileRef = 4272324F1DAEE57900EA3C89 /* ProgressHUD.bundle */; };
		427232541DAEE57900EA3C89 /* ProgressHUD.m in Sources */ = {isa = PBXBuildFile; fileRef = 427232511DAEE57900EA3C89 /* ProgressHUD.m */; };
		42FAE34D1DAEE68A00645BCF /* DataService.swift in Sources */ = {isa = PBXBuildFile; fileRef = 42FAE34C1DAEE68A00645BCF /* DataService.swift */; };
		42FAE34F1DAEEDA400645BCF /* roundImage.swift in Sources */ = {isa = PBXBuildFile; fileRef = 42FAE34E1DAEEDA400645BCF /* roundImage.swift */; };
		646459809F68801EEE9F326D /* Pods_Trump_vs_Hillary.framework in Frameworks */ = {isa = PBXBuildFile; fileRef = AB1782AB16F57349415E3E23 /* Pods_Trump_vs_Hillary.framework */; };
		6A71D30E1BDAC6D3CCE516B4 /* Pods_Trump_vs_HillaryTests.framework in Frameworks */ = {isa = PBXBuildFile; fileRef = 9107C216A6CBE5503AA69BCD /* Pods_Trump_vs_HillaryTests.framework */; };
		933C63551DAF1BBA00423865 /* GoogleMobileAds.framework in Frameworks */ = {isa = PBXBuildFile; fileRef = 933C63541DAF1BBA00423865 /* GoogleMobileAds.framework */; };
		933C63571DAF1EA200423865 /* VoteVC.swift in Sources */ = {isa = PBXBuildFile; fileRef = 933C63561DAF1EA200423865 /* VoteVC.swift */; };
		933C63591DAF20AC00423865 /* GoogleInterchangeUtilities.framework in Frameworks */ = {isa = PBXBuildFile; fileRef = 933C63581DAF20AC00423865 /* GoogleInterchangeUtilities.framework */; };
		933C635B1DAF20AE00423865 /* GoogleNetworkingUtilities.framework in Frameworks */ = {isa = PBXBuildFile; fileRef = 933C635A1DAF20AE00423865 /* GoogleNetworkingUtilities.framework */; };
		933C635D1DAF20B100423865 /* GoogleSymbolUtilities.framework in Frameworks */ = {isa = PBXBuildFile; fileRef = 933C635C1DAF20B100423865 /* GoogleSymbolUtilities.framework */; };
		933C635F1DAF20B300423865 /* GoogleUtilities.framework in Frameworks */ = {isa = PBXBuildFile; fileRef = 933C635E1DAF20B300423865 /* GoogleUtilities.framework */; };
		F526A02159B2222E8DBDDDEE /* Pods_Trump_vs_HillaryUITests.framework in Frameworks */ = {isa = PBXBuildFile; fileRef = 6DC6EE813F7DDB835D9A7D3B /* Pods_Trump_vs_HillaryUITests.framework */; };
/* End PBXBuildFile section */

/* Begin PBXContainerItemProxy section */
		42519C341DAEDC220038A655 /* PBXContainerItemProxy */ = {
			isa = PBXContainerItemProxy;
			containerPortal = 42519C171DAEDC220038A655 /* Project object */;
			proxyType = 1;
			remoteGlobalIDString = 42519C1E1DAEDC220038A655;
			remoteInfo = "Trump vs Hillary";
		};
		42519C3F1DAEDC220038A655 /* PBXContainerItemProxy */ = {
			isa = PBXContainerItemProxy;
			containerPortal = 42519C171DAEDC220038A655 /* Project object */;
			proxyType = 1;
			remoteGlobalIDString = 42519C1E1DAEDC220038A655;
			remoteInfo = "Trump vs Hillary";
		};
/* End PBXContainerItemProxy section */

/* Begin PBXFileReference section */
		42519C1F1DAEDC220038A655 /* Trump vs Hillary.app */ = {isa = PBXFileReference; explicitFileType = wrapper.application; includeInIndex = 0; path = "Trump vs Hillary.app"; sourceTree = BUILT_PRODUCTS_DIR; };
		42519C221DAEDC220038A655 /* AppDelegate.swift */ = {isa = PBXFileReference; lastKnownFileType = sourcecode.swift; path = AppDelegate.swift; sourceTree = "<group>"; };
		42519C241DAEDC220038A655 /* ViewController.swift */ = {isa = PBXFileReference; lastKnownFileType = sourcecode.swift; path = ViewController.swift; sourceTree = "<group>"; };
		42519C271DAEDC220038A655 /* Base */ = {isa = PBXFileReference; lastKnownFileType = file.storyboard; name = Base; path = Base.lproj/Main.storyboard; sourceTree = "<group>"; };
		42519C291DAEDC220038A655 /* Assets.xcassets */ = {isa = PBXFileReference; lastKnownFileType = folder.assetcatalog; path = Assets.xcassets; sourceTree = "<group>"; };
		42519C2C1DAEDC220038A655 /* Base */ = {isa = PBXFileReference; lastKnownFileType = file.storyboard; name = Base; path = Base.lproj/LaunchScreen.storyboard; sourceTree = "<group>"; };
		42519C2E1DAEDC220038A655 /* Info.plist */ = {isa = PBXFileReference; lastKnownFileType = text.plist.xml; path = Info.plist; sourceTree = "<group>"; };
		42519C331DAEDC220038A655 /* Trump vs HillaryTests.xctest */ = {isa = PBXFileReference; explicitFileType = wrapper.cfbundle; includeInIndex = 0; path = "Trump vs HillaryTests.xctest"; sourceTree = BUILT_PRODUCTS_DIR; };
		42519C371DAEDC220038A655 /* Trump_vs_HillaryTests.swift */ = {isa = PBXFileReference; lastKnownFileType = sourcecode.swift; path = Trump_vs_HillaryTests.swift; sourceTree = "<group>"; };
		42519C391DAEDC220038A655 /* Info.plist */ = {isa = PBXFileReference; lastKnownFileType = text.plist.xml; path = Info.plist; sourceTree = "<group>"; };
		42519C3E1DAEDC220038A655 /* Trump vs HillaryUITests.xctest */ = {isa = PBXFileReference; explicitFileType = wrapper.cfbundle; includeInIndex = 0; path = "Trump vs HillaryUITests.xctest"; sourceTree = BUILT_PRODUCTS_DIR; };
		42519C421DAEDC220038A655 /* Trump_vs_HillaryUITests.swift */ = {isa = PBXFileReference; lastKnownFileType = sourcecode.swift; path = Trump_vs_HillaryUITests.swift; sourceTree = "<group>"; };
		42519C441DAEDC220038A655 /* Info.plist */ = {isa = PBXFileReference; lastKnownFileType = text.plist.xml; path = Info.plist; sourceTree = "<group>"; };
		42519C501DAEDD590038A655 /* GoogleService-Info.plist */ = {isa = PBXFileReference; fileEncoding = 4; lastKnownFileType = text.plist.xml; path = "GoogleService-Info.plist"; sourceTree = "<group>"; };
		427232371DAEDECC00EA3C89 /* Trump vs Hillary.entitlements */ = {isa = PBXFileReference; lastKnownFileType = text.plist.entitlements; path = "Trump vs Hillary.entitlements"; sourceTree = "<group>"; };
		427232401DAEE08A00EA3C89 /* MaterialButton.swift */ = {isa = PBXFileReference; fileEncoding = 4; lastKnownFileType = sourcecode.swift; path = MaterialButton.swift; sourceTree = "<group>"; };
		427232431DAEE10F00EA3C89 /* MaterialView.swift */ = {isa = PBXFileReference; fileEncoding = 4; lastKnownFileType = sourcecode.swift; path = MaterialView.swift; sourceTree = "<group>"; };
		427232451DAEE4D300EA3C89 /* Constants.swift */ = {isa = PBXFileReference; fileEncoding = 4; lastKnownFileType = sourcecode.swift; path = Constants.swift; sourceTree = "<group>"; };
		4272324F1DAEE57900EA3C89 /* ProgressHUD.bundle */ = {isa = PBXFileReference; lastKnownFileType = "wrapper.plug-in"; path = ProgressHUD.bundle; sourceTree = "<group>"; };
		427232501DAEE57900EA3C89 /* ProgressHUD.h */ = {isa = PBXFileReference; fileEncoding = 4; lastKnownFileType = sourcecode.c.h; path = ProgressHUD.h; sourceTree = "<group>"; };
		427232511DAEE57900EA3C89 /* ProgressHUD.m */ = {isa = PBXFileReference; fileEncoding = 4; lastKnownFileType = sourcecode.c.objc; path = ProgressHUD.m; sourceTree = "<group>"; };
		427232521DAEE57900EA3C89 /* Trump-vs-Hillary-Bridging-Header.h */ = {isa = PBXFileReference; fileEncoding = 4; lastKnownFileType = sourcecode.c.h; path = "Trump-vs-Hillary-Bridging-Header.h"; sourceTree = "<group>"; };
		42FAE34C1DAEE68A00645BCF /* DataService.swift */ = {isa = PBXFileReference; fileEncoding = 4; lastKnownFileType = sourcecode.swift; path = DataService.swift; sourceTree = "<group>"; };
		42FAE34E1DAEEDA400645BCF /* roundImage.swift */ = {isa = PBXFileReference; fileEncoding = 4; lastKnownFileType = sourcecode.swift; path = roundImage.swift; sourceTree = "<group>"; };
		6DC6EE813F7DDB835D9A7D3B /* Pods_Trump_vs_HillaryUITests.framework */ = {isa = PBXFileReference; explicitFileType = wrapper.framework; includeInIndex = 0; path = Pods_Trump_vs_HillaryUITests.framework; sourceTree = BUILT_PRODUCTS_DIR; };
		87BC6DFD8F1E6A81FD9D4562 /* Pods-Trump vs HillaryTests.debug.xcconfig */ = {isa = PBXFileReference; includeInIndex = 1; lastKnownFileType = text.xcconfig; name = "Pods-Trump vs HillaryTests.debug.xcconfig"; path = "Pods/Target Support Files/Pods-Trump vs HillaryTests/Pods-Trump vs HillaryTests.debug.xcconfig"; sourceTree = "<group>"; };
		8CF7B95EC94792E25A9ADF49 /* Pods-Trump vs HillaryTests.release.xcconfig */ = {isa = PBXFileReference; includeInIndex = 1; lastKnownFileType = text.xcconfig; name = "Pods-Trump vs HillaryTests.release.xcconfig"; path = "Pods/Target Support Files/Pods-Trump vs HillaryTests/Pods-Trump vs HillaryTests.release.xcconfig"; sourceTree = "<group>"; };
		9107C216A6CBE5503AA69BCD /* Pods_Trump_vs_HillaryTests.framework */ = {isa = PBXFileReference; explicitFileType = wrapper.framework; includeInIndex = 0; path = Pods_Trump_vs_HillaryTests.framework; sourceTree = BUILT_PRODUCTS_DIR; };
		933C63541DAF1BBA00423865 /* GoogleMobileAds.framework */ = {isa = PBXFileReference; lastKnownFileType = wrapper.framework; path = GoogleMobileAds.framework; sourceTree = "<group>"; };
		933C63561DAF1EA200423865 /* VoteVC.swift */ = {isa = PBXFileReference; fileEncoding = 4; lastKnownFileType = sourcecode.swift; path = VoteVC.swift; sourceTree = "<group>"; };
		933C63581DAF20AC00423865 /* GoogleInterchangeUtilities.framework */ = {isa = PBXFileReference; lastKnownFileType = wrapper.framework; name = GoogleInterchangeUtilities.framework; path = Pods/GoogleInterchangeUtilities/Frameworks/GoogleInterchangeUtilities.framework; sourceTree = "<group>"; };
		933C635A1DAF20AE00423865 /* GoogleNetworkingUtilities.framework */ = {isa = PBXFileReference; lastKnownFileType = wrapper.framework; name = GoogleNetworkingUtilities.framework; path = Pods/GoogleNetworkingUtilities/Frameworks/GoogleNetworkingUtilities.framework; sourceTree = "<group>"; };
		933C635C1DAF20B100423865 /* GoogleSymbolUtilities.framework */ = {isa = PBXFileReference; lastKnownFileType = wrapper.framework; name = GoogleSymbolUtilities.framework; path = Pods/GoogleSymbolUtilities/Frameworks/GoogleSymbolUtilities.framework; sourceTree = "<group>"; };
		933C635E1DAF20B300423865 /* GoogleUtilities.framework */ = {isa = PBXFileReference; lastKnownFileType = wrapper.framework; name = GoogleUtilities.framework; path = Pods/GoogleUtilities/Frameworks/GoogleUtilities.framework; sourceTree = "<group>"; };
		9E10731759DFC5B7FE05642B /* Pods-Trump vs HillaryUITests.release.xcconfig */ = {isa = PBXFileReference; includeInIndex = 1; lastKnownFileType = text.xcconfig; name = "Pods-Trump vs HillaryUITests.release.xcconfig"; path = "Pods/Target Support Files/Pods-Trump vs HillaryUITests/Pods-Trump vs HillaryUITests.release.xcconfig"; sourceTree = "<group>"; };
		AB1782AB16F57349415E3E23 /* Pods_Trump_vs_Hillary.framework */ = {isa = PBXFileReference; explicitFileType = wrapper.framework; includeInIndex = 0; path = Pods_Trump_vs_Hillary.framework; sourceTree = BUILT_PRODUCTS_DIR; };
		C31A7C59504FBBCC69F89ECD /* Pods-Trump vs HillaryUITests.debug.xcconfig */ = {isa = PBXFileReference; includeInIndex = 1; lastKnownFileType = text.xcconfig; name = "Pods-Trump vs HillaryUITests.debug.xcconfig"; path = "Pods/Target Support Files/Pods-Trump vs HillaryUITests/Pods-Trump vs HillaryUITests.debug.xcconfig"; sourceTree = "<group>"; };
		EAA755DFE1E47D7B65C57644 /* Pods-Trump vs Hillary.release.xcconfig */ = {isa = PBXFileReference; includeInIndex = 1; lastKnownFileType = text.xcconfig; name = "Pods-Trump vs Hillary.release.xcconfig"; path = "Pods/Target Support Files/Pods-Trump vs Hillary/Pods-Trump vs Hillary.release.xcconfig"; sourceTree = "<group>"; };
		EC4D454D4E40C54059B11F24 /* Pods-Trump vs Hillary.debug.xcconfig */ = {isa = PBXFileReference; includeInIndex = 1; lastKnownFileType = text.xcconfig; name = "Pods-Trump vs Hillary.debug.xcconfig"; path = "Pods/Target Support Files/Pods-Trump vs Hillary/Pods-Trump vs Hillary.debug.xcconfig"; sourceTree = "<group>"; };
/* End PBXFileReference section */

/* Begin PBXFrameworksBuildPhase section */
		42519C1C1DAEDC220038A655 /* Frameworks */ = {
			isa = PBXFrameworksBuildPhase;
			buildActionMask = 2147483647;
			files = (
				933C635B1DAF20AE00423865 /* GoogleNetworkingUtilities.framework in Frameworks */,
				933C63551DAF1BBA00423865 /* GoogleMobileAds.framework in Frameworks */,
				646459809F68801EEE9F326D /* Pods_Trump_vs_Hillary.framework in Frameworks */,
				933C635F1DAF20B300423865 /* GoogleUtilities.framework in Frameworks */,
				933C63591DAF20AC00423865 /* GoogleInterchangeUtilities.framework in Frameworks */,
				933C635D1DAF20B100423865 /* GoogleSymbolUtilities.framework in Frameworks */,
			);
			runOnlyForDeploymentPostprocessing = 0;
		};
		42519C301DAEDC220038A655 /* Frameworks */ = {
			isa = PBXFrameworksBuildPhase;
			buildActionMask = 2147483647;
			files = (
				6A71D30E1BDAC6D3CCE516B4 /* Pods_Trump_vs_HillaryTests.framework in Frameworks */,
			);
			runOnlyForDeploymentPostprocessing = 0;
		};
		42519C3B1DAEDC220038A655 /* Frameworks */ = {
			isa = PBXFrameworksBuildPhase;
			buildActionMask = 2147483647;
			files = (
				F526A02159B2222E8DBDDDEE /* Pods_Trump_vs_HillaryUITests.framework in Frameworks */,
			);
			runOnlyForDeploymentPostprocessing = 0;
		};
/* End PBXFrameworksBuildPhase section */

/* Begin PBXGroup section */
		42519C161DAEDC220038A655 = {
			isa = PBXGroup;
			children = (
				42519C211DAEDC220038A655 /* Trump vs Hillary */,
				42519C361DAEDC220038A655 /* Trump vs HillaryTests */,
				42519C411DAEDC220038A655 /* Trump vs HillaryUITests */,
				42519C201DAEDC220038A655 /* Products */,
				F893B1DFA2DC87BCD93ABB62 /* Pods */,
				468317A396FE5D05ADCF8180 /* Frameworks */,
			);
			sourceTree = "<group>";
		};
		42519C201DAEDC220038A655 /* Products */ = {
			isa = PBXGroup;
			children = (
				42519C1F1DAEDC220038A655 /* Trump vs Hillary.app */,
				42519C331DAEDC220038A655 /* Trump vs HillaryTests.xctest */,
				42519C3E1DAEDC220038A655 /* Trump vs HillaryUITests.xctest */,
			);
			name = Products;
			sourceTree = "<group>";
		};
		42519C211DAEDC220038A655 /* Trump vs Hillary */ = {
			isa = PBXGroup;
			children = (
				42FAE34C1DAEE68A00645BCF /* DataService.swift */,
				427232421DAEE0F900EA3C89 /* MaterialDesign */,
				427232371DAEDECC00EA3C89 /* Trump vs Hillary.entitlements */,
				42519C221DAEDC220038A655 /* AppDelegate.swift */,
				42519C241DAEDC220038A655 /* ViewController.swift */,
				933C63561DAF1EA200423865 /* VoteVC.swift */,
				42519C261DAEDC220038A655 /* Main.storyboard */,
				42519C291DAEDC220038A655 /* Assets.xcassets */,
				42519C2B1DAEDC220038A655 /* LaunchScreen.storyboard */,
				42519C2E1DAEDC220038A655 /* Info.plist */,
				42519C501DAEDD590038A655 /* GoogleService-Info.plist */,
				4272324F1DAEE57900EA3C89 /* ProgressHUD.bundle */,
				427232501DAEE57900EA3C89 /* ProgressHUD.h */,
				427232511DAEE57900EA3C89 /* ProgressHUD.m */,
				427232521DAEE57900EA3C89 /* Trump-vs-Hillary-Bridging-Header.h */,
			);
			path = "Trump vs Hillary";
			sourceTree = "<group>";
		};
		42519C361DAEDC220038A655 /* Trump vs HillaryTests */ = {
			isa = PBXGroup;
			children = (
				42519C371DAEDC220038A655 /* Trump_vs_HillaryTests.swift */,
				42519C391DAEDC220038A655 /* Info.plist */,
			);
			path = "Trump vs HillaryTests";
			sourceTree = "<group>";
		};
		42519C411DAEDC220038A655 /* Trump vs HillaryUITests */ = {
			isa = PBXGroup;
			children = (
				42519C421DAEDC220038A655 /* Trump_vs_HillaryUITests.swift */,
				42519C441DAEDC220038A655 /* Info.plist */,
			);
			path = "Trump vs HillaryUITests";
			sourceTree = "<group>";
		};
		427232421DAEE0F900EA3C89 /* MaterialDesign */ = {
			isa = PBXGroup;
			children = (
				427232451DAEE4D300EA3C89 /* Constants.swift */,
				427232401DAEE08A00EA3C89 /* MaterialButton.swift */,
				427232431DAEE10F00EA3C89 /* MaterialView.swift */,
				42FAE34E1DAEEDA400645BCF /* roundImage.swift */,
			);
			name = MaterialDesign;
			sourceTree = "<group>";
		};
		468317A396FE5D05ADCF8180 /* Frameworks */ = {
			isa = PBXGroup;
			children = (
				933C635E1DAF20B300423865 /* GoogleUtilities.framework */,
				933C635C1DAF20B100423865 /* GoogleSymbolUtilities.framework */,
				933C635A1DAF20AE00423865 /* GoogleNetworkingUtilities.framework */,
				933C63581DAF20AC00423865 /* GoogleInterchangeUtilities.framework */,
				933C63541DAF1BBA00423865 /* GoogleMobileAds.framework */,
				AB1782AB16F57349415E3E23 /* Pods_Trump_vs_Hillary.framework */,
				9107C216A6CBE5503AA69BCD /* Pods_Trump_vs_HillaryTests.framework */,
				6DC6EE813F7DDB835D9A7D3B /* Pods_Trump_vs_HillaryUITests.framework */,
			);
			name = Frameworks;
			sourceTree = "<group>";
		};
		F893B1DFA2DC87BCD93ABB62 /* Pods */ = {
			isa = PBXGroup;
			children = (
				EC4D454D4E40C54059B11F24 /* Pods-Trump vs Hillary.debug.xcconfig */,
				EAA755DFE1E47D7B65C57644 /* Pods-Trump vs Hillary.release.xcconfig */,
				87BC6DFD8F1E6A81FD9D4562 /* Pods-Trump vs HillaryTests.debug.xcconfig */,
				8CF7B95EC94792E25A9ADF49 /* Pods-Trump vs HillaryTests.release.xcconfig */,
				C31A7C59504FBBCC69F89ECD /* Pods-Trump vs HillaryUITests.debug.xcconfig */,
				9E10731759DFC5B7FE05642B /* Pods-Trump vs HillaryUITests.release.xcconfig */,
			);
			name = Pods;
			sourceTree = "<group>";
		};
/* End PBXGroup section */

/* Begin PBXNativeTarget section */
		42519C1E1DAEDC220038A655 /* Trump vs Hillary */ = {
			isa = PBXNativeTarget;
			buildConfigurationList = 42519C471DAEDC220038A655 /* Build configuration list for PBXNativeTarget "Trump vs Hillary" */;
			buildPhases = (
				E783B8177FDC3C6AFD86AB48 /* [CP] Check Pods Manifest.lock */,
				42519C1B1DAEDC220038A655 /* Sources */,
				42519C1C1DAEDC220038A655 /* Frameworks */,
				42519C1D1DAEDC220038A655 /* Resources */,
				0FFA08D69F83D9A8CD38518E /* [CP] Embed Pods Frameworks */,
				99B1E2F73688D319C6178566 /* [CP] Copy Pods Resources */,
			);
			buildRules = (
			);
			dependencies = (
			);
			name = "Trump vs Hillary";
			productName = "Trump vs Hillary";
			productReference = 42519C1F1DAEDC220038A655 /* Trump vs Hillary.app */;
			productType = "com.apple.product-type.application";
		};
		42519C321DAEDC220038A655 /* Trump vs HillaryTests */ = {
			isa = PBXNativeTarget;
			buildConfigurationList = 42519C4A1DAEDC220038A655 /* Build configuration list for PBXNativeTarget "Trump vs HillaryTests" */;
			buildPhases = (
				726A15709D7051BED4993767 /* [CP] Check Pods Manifest.lock */,
				42519C2F1DAEDC220038A655 /* Sources */,
				42519C301DAEDC220038A655 /* Frameworks */,
				42519C311DAEDC220038A655 /* Resources */,
				1D6A13812D7952786DC518C6 /* [CP] Embed Pods Frameworks */,
				F194FFE7A7DFF9D27568FA0C /* [CP] Copy Pods Resources */,
			);
			buildRules = (
			);
			dependencies = (
				42519C351DAEDC220038A655 /* PBXTargetDependency */,
			);
			name = "Trump vs HillaryTests";
			productName = "Trump vs HillaryTests";
			productReference = 42519C331DAEDC220038A655 /* Trump vs HillaryTests.xctest */;
			productType = "com.apple.product-type.bundle.unit-test";
		};
		42519C3D1DAEDC220038A655 /* Trump vs HillaryUITests */ = {
			isa = PBXNativeTarget;
			buildConfigurationList = 42519C4D1DAEDC220038A655 /* Build configuration list for PBXNativeTarget "Trump vs HillaryUITests" */;
			buildPhases = (
				1596E9122CDEA70FBC2F9DBC /* [CP] Check Pods Manifest.lock */,
				42519C3A1DAEDC220038A655 /* Sources */,
				42519C3B1DAEDC220038A655 /* Frameworks */,
				42519C3C1DAEDC220038A655 /* Resources */,
				6B774DFCB8390F282655C12F /* [CP] Copy Pods Resources */,
			);
			buildRules = (
			);
			dependencies = (
				42519C401DAEDC220038A655 /* PBXTargetDependency */,
			);
			name = "Trump vs HillaryUITests";
			productName = "Trump vs HillaryUITests";
			productReference = 42519C3E1DAEDC220038A655 /* Trump vs HillaryUITests.xctest */;
			productType = "com.apple.product-type.bundle.ui-testing";
		};
/* End PBXNativeTarget section */

/* Begin PBXProject section */
		42519C171DAEDC220038A655 /* Project object */ = {
			isa = PBXProject;
			attributes = {
				LastSwiftUpdateCheck = 0800;
				LastUpgradeCheck = 0800;
				ORGANIZATIONNAME = "Team Apps";
				TargetAttributes = {
					42519C1E1DAEDC220038A655 = {
						CreatedOnToolsVersion = 8.0;
						DevelopmentTeam = ZHSR3STEKN;
						LastSwiftMigration = 0800;
						ProvisioningStyle = Automatic;
						SystemCapabilities = {
							com.apple.Keychain = {
								enabled = 1;
							};
						};
					};
					42519C321DAEDC220038A655 = {
						CreatedOnToolsVersion = 8.0;
						DevelopmentTeam = 565DE2Z895;
						LastSwiftMigration = 0800;
						ProvisioningStyle = Automatic;
						TestTargetID = 42519C1E1DAEDC220038A655;
					};
					42519C3D1DAEDC220038A655 = {
						CreatedOnToolsVersion = 8.0;
						DevelopmentTeam = 565DE2Z895;
						LastSwiftMigration = 0800;
						ProvisioningStyle = Automatic;
						TestTargetID = 42519C1E1DAEDC220038A655;
					};
				};
			};
			buildConfigurationList = 42519C1A1DAEDC220038A655 /* Build configuration list for PBXProject "Trump vs Hillary" */;
			compatibilityVersion = "Xcode 3.2";
			developmentRegion = English;
			hasScannedForEncodings = 0;
			knownRegions = (
				en,
				Base,
			);
			mainGroup = 42519C161DAEDC220038A655;
			productRefGroup = 42519C201DAEDC220038A655 /* Products */;
			projectDirPath = "";
			projectRoot = "";
			targets = (
				42519C1E1DAEDC220038A655 /* Trump vs Hillary */,
				42519C321DAEDC220038A655 /* Trump vs HillaryTests */,
				42519C3D1DAEDC220038A655 /* Trump vs HillaryUITests */,
			);
		};
/* End PBXProject section */

/* Begin PBXResourcesBuildPhase section */
		42519C1D1DAEDC220038A655 /* Resources */ = {
			isa = PBXResourcesBuildPhase;
			buildActionMask = 2147483647;
			files = (
				42519C2D1DAEDC220038A655 /* LaunchScreen.storyboard in Resources */,
				42519C2A1DAEDC220038A655 /* Assets.xcassets in Resources */,
				42519C281DAEDC220038A655 /* Main.storyboard in Resources */,
				427232531DAEE57900EA3C89 /* ProgressHUD.bundle in Resources */,
				42519C511DAEDD590038A655 /* GoogleService-Info.plist in Resources */,
			);
			runOnlyForDeploymentPostprocessing = 0;
		};
		42519C311DAEDC220038A655 /* Resources */ = {
			isa = PBXResourcesBuildPhase;
			buildActionMask = 2147483647;
			files = (
			);
			runOnlyForDeploymentPostprocessing = 0;
		};
		42519C3C1DAEDC220038A655 /* Resources */ = {
			isa = PBXResourcesBuildPhase;
			buildActionMask = 2147483647;
			files = (
			);
			runOnlyForDeploymentPostprocessing = 0;
		};
/* End PBXResourcesBuildPhase section */

/* Begin PBXShellScriptBuildPhase section */
		0FFA08D69F83D9A8CD38518E /* [CP] Embed Pods Frameworks */ = {
			isa = PBXShellScriptBuildPhase;
			buildActionMask = 2147483647;
			files = (
			);
			inputPaths = (
			);
			name = "[CP] Embed Pods Frameworks";
			outputPaths = (
			);
			runOnlyForDeploymentPostprocessing = 0;
			shellPath = /bin/sh;
			shellScript = "\"${SRCROOT}/Pods/Target Support Files/Pods-Trump vs Hillary/Pods-Trump vs Hillary-frameworks.sh\"\n";
			showEnvVarsInLog = 0;
		};
		1596E9122CDEA70FBC2F9DBC /* [CP] Check Pods Manifest.lock */ = {
			isa = PBXShellScriptBuildPhase;
			buildActionMask = 2147483647;
			files = (
			);
			inputPaths = (
			);
			name = "[CP] Check Pods Manifest.lock";
			outputPaths = (
			);
			runOnlyForDeploymentPostprocessing = 0;
			shellPath = /bin/sh;
			shellScript = "diff \"${PODS_ROOT}/../Podfile.lock\" \"${PODS_ROOT}/Manifest.lock\" > /dev/null\nif [[ $? != 0 ]] ; then\n    cat << EOM\nerror: The sandbox is not in sync with the Podfile.lock. Run 'pod install' or update your CocoaPods installation.\nEOM\n    exit 1\nfi\n";
			showEnvVarsInLog = 0;
		};
		1D6A13812D7952786DC518C6 /* [CP] Embed Pods Frameworks */ = {
			isa = PBXShellScriptBuildPhase;
			buildActionMask = 2147483647;
			files = (
			);
			inputPaths = (
			);
			name = "[CP] Embed Pods Frameworks";
			outputPaths = (
			);
			runOnlyForDeploymentPostprocessing = 0;
			shellPath = /bin/sh;
			shellScript = "\"${SRCROOT}/Pods/Target Support Files/Pods-Trump vs HillaryTests/Pods-Trump vs HillaryTests-frameworks.sh\"\n";
			showEnvVarsInLog = 0;
		};
		6B774DFCB8390F282655C12F /* [CP] Copy Pods Resources */ = {
			isa = PBXShellScriptBuildPhase;
			buildActionMask = 2147483647;
			files = (
			);
			inputPaths = (
			);
			name = "[CP] Copy Pods Resources";
			outputPaths = (
			);
			runOnlyForDeploymentPostprocessing = 0;
			shellPath = /bin/sh;
			shellScript = "\"${SRCROOT}/Pods/Target Support Files/Pods-Trump vs HillaryUITests/Pods-Trump vs HillaryUITests-resources.sh\"\n";
			showEnvVarsInLog = 0;
		};
		726A15709D7051BED4993767 /* [CP] Check Pods Manifest.lock */ = {
			isa = PBXShellScriptBuildPhase;
			buildActionMask = 2147483647;
			files = (
			);
			inputPaths = (
			);
			name = "[CP] Check Pods Manifest.lock";
			outputPaths = (
			);
			runOnlyForDeploymentPostprocessing = 0;
			shellPath = /bin/sh;
			shellScript = "diff \"${PODS_ROOT}/../Podfile.lock\" \"${PODS_ROOT}/Manifest.lock\" > /dev/null\nif [[ $? != 0 ]] ; then\n    cat << EOM\nerror: The sandbox is not in sync with the Podfile.lock. Run 'pod install' or update your CocoaPods installation.\nEOM\n    exit 1\nfi\n";
			showEnvVarsInLog = 0;
		};
		99B1E2F73688D319C6178566 /* [CP] Copy Pods Resources */ = {
			isa = PBXShellScriptBuildPhase;
			buildActionMask = 2147483647;
			files = (
			);
			inputPaths = (
			);
			name = "[CP] Copy Pods Resources";
			outputPaths = (
			);
			runOnlyForDeploymentPostprocessing = 0;
			shellPath = /bin/sh;
			shellScript = "\"${SRCROOT}/Pods/Target Support Files/Pods-Trump vs Hillary/Pods-Trump vs Hillary-resources.sh\"\n";
			showEnvVarsInLog = 0;
		};
		E783B8177FDC3C6AFD86AB48 /* [CP] Check Pods Manifest.lock */ = {
			isa = PBXShellScriptBuildPhase;
			buildActionMask = 2147483647;
			files = (
			);
			inputPaths = (
			);
			name = "[CP] Check Pods Manifest.lock";
			outputPaths = (
			);
			runOnlyForDeploymentPostprocessing = 0;
			shellPath = /bin/sh;
			shellScript = "diff \"${PODS_ROOT}/../Podfile.lock\" \"${PODS_ROOT}/Manifest.lock\" > /dev/null\nif [[ $? != 0 ]] ; then\n    cat << EOM\nerror: The sandbox is not in sync with the Podfile.lock. Run 'pod install' or update your CocoaPods installation.\nEOM\n    exit 1\nfi\n";
			showEnvVarsInLog = 0;
		};
		F194FFE7A7DFF9D27568FA0C /* [CP] Copy Pods Resources */ = {
			isa = PBXShellScriptBuildPhase;
			buildActionMask = 2147483647;
			files = (
			);
			inputPaths = (
			);
			name = "[CP] Copy Pods Resources";
			outputPaths = (
			);
			runOnlyForDeploymentPostprocessing = 0;
			shellPath = /bin/sh;
			shellScript = "\"${SRCROOT}/Pods/Target Support Files/Pods-Trump vs HillaryTests/Pods-Trump vs HillaryTests-resources.sh\"\n";
			showEnvVarsInLog = 0;
		};
/* End PBXShellScriptBuildPhase section */

/* Begin PBXSourcesBuildPhase section */
		42519C1B1DAEDC220038A655 /* Sources */ = {
			isa = PBXSourcesBuildPhase;
			buildActionMask = 2147483647;
			files = (
				427232541DAEE57900EA3C89 /* ProgressHUD.m in Sources */,
				42FAE34D1DAEE68A00645BCF /* DataService.swift in Sources */,
				427232461DAEE4D300EA3C89 /* Constants.swift in Sources */,
				42519C251DAEDC220038A655 /* ViewController.swift in Sources */,
				42519C231DAEDC220038A655 /* AppDelegate.swift in Sources */,
				933C63571DAF1EA200423865 /* VoteVC.swift in Sources */,
				427232411DAEE08A00EA3C89 /* MaterialButton.swift in Sources */,
				42FAE34F1DAEEDA400645BCF /* roundImage.swift in Sources */,
				427232441DAEE10F00EA3C89 /* MaterialView.swift in Sources */,
			);
			runOnlyForDeploymentPostprocessing = 0;
		};
		42519C2F1DAEDC220038A655 /* Sources */ = {
			isa = PBXSourcesBuildPhase;
			buildActionMask = 2147483647;
			files = (
				42519C381DAEDC220038A655 /* Trump_vs_HillaryTests.swift in Sources */,
			);
			runOnlyForDeploymentPostprocessing = 0;
		};
		42519C3A1DAEDC220038A655 /* Sources */ = {
			isa = PBXSourcesBuildPhase;
			buildActionMask = 2147483647;
			files = (
				42519C431DAEDC220038A655 /* Trump_vs_HillaryUITests.swift in Sources */,
			);
			runOnlyForDeploymentPostprocessing = 0;
		};
/* End PBXSourcesBuildPhase section */

/* Begin PBXTargetDependency section */
		42519C351DAEDC220038A655 /* PBXTargetDependency */ = {
			isa = PBXTargetDependency;
			target = 42519C1E1DAEDC220038A655 /* Trump vs Hillary */;
			targetProxy = 42519C341DAEDC220038A655 /* PBXContainerItemProxy */;
		};
		42519C401DAEDC220038A655 /* PBXTargetDependency */ = {
			isa = PBXTargetDependency;
			target = 42519C1E1DAEDC220038A655 /* Trump vs Hillary */;
			targetProxy = 42519C3F1DAEDC220038A655 /* PBXContainerItemProxy */;
		};
/* End PBXTargetDependency section */

/* Begin PBXVariantGroup section */
		42519C261DAEDC220038A655 /* Main.storyboard */ = {
			isa = PBXVariantGroup;
			children = (
				42519C271DAEDC220038A655 /* Base */,
			);
			name = Main.storyboard;
			sourceTree = "<group>";
		};
		42519C2B1DAEDC220038A655 /* LaunchScreen.storyboard */ = {
			isa = PBXVariantGroup;
			children = (
				42519C2C1DAEDC220038A655 /* Base */,
			);
			name = LaunchScreen.storyboard;
			sourceTree = "<group>";
		};
/* End PBXVariantGroup section */

/* Begin XCBuildConfiguration section */
		42519C451DAEDC220038A655 /* Debug */ = {
			isa = XCBuildConfiguration;
			buildSettings = {
				ALWAYS_SEARCH_USER_PATHS = NO;
				CLANG_ANALYZER_NONNULL = YES;
				CLANG_CXX_LANGUAGE_STANDARD = "gnu++0x";
				CLANG_CXX_LIBRARY = "libc++";
				CLANG_ENABLE_MODULES = YES;
				CLANG_ENABLE_OBJC_ARC = YES;
				CLANG_WARN_BOOL_CONVERSION = YES;
				CLANG_WARN_CONSTANT_CONVERSION = YES;
				CLANG_WARN_DIRECT_OBJC_ISA_USAGE = YES_ERROR;
				CLANG_WARN_DOCUMENTATION_COMMENTS = YES;
				CLANG_WARN_EMPTY_BODY = YES;
				CLANG_WARN_ENUM_CONVERSION = YES;
				CLANG_WARN_INFINITE_RECURSION = YES;
				CLANG_WARN_INT_CONVERSION = YES;
				CLANG_WARN_OBJC_ROOT_CLASS = YES_ERROR;
				CLANG_WARN_SUSPICIOUS_MOVE = YES;
				CLANG_WARN_SUSPICIOUS_MOVES = YES;
				CLANG_WARN_UNREACHABLE_CODE = YES;
				CLANG_WARN__DUPLICATE_METHOD_MATCH = YES;
				"CODE_SIGN_IDENTITY[sdk=iphoneos*]" = "iPhone Developer";
				COPY_PHASE_STRIP = NO;
				DEBUG_INFORMATION_FORMAT = dwarf;
				ENABLE_STRICT_OBJC_MSGSEND = YES;
				ENABLE_TESTABILITY = YES;
				GCC_C_LANGUAGE_STANDARD = gnu99;
				GCC_DYNAMIC_NO_PIC = NO;
				GCC_NO_COMMON_BLOCKS = YES;
				GCC_OPTIMIZATION_LEVEL = 0;
				GCC_PREPROCESSOR_DEFINITIONS = (
					"DEBUG=1",
					"$(inherited)",
				);
				GCC_WARN_64_TO_32_BIT_CONVERSION = YES;
				GCC_WARN_ABOUT_RETURN_TYPE = YES_ERROR;
				GCC_WARN_UNDECLARED_SELECTOR = YES;
				GCC_WARN_UNINITIALIZED_AUTOS = YES_AGGRESSIVE;
				GCC_WARN_UNUSED_FUNCTION = YES;
				GCC_WARN_UNUSED_VARIABLE = YES;
				IPHONEOS_DEPLOYMENT_TARGET = 10.0;
				MTL_ENABLE_DEBUG_INFO = YES;
				ONLY_ACTIVE_ARCH = YES;
				SDKROOT = iphoneos;
				SWIFT_ACTIVE_COMPILATION_CONDITIONS = DEBUG;
				SWIFT_OPTIMIZATION_LEVEL = "-Onone";
				TARGETED_DEVICE_FAMILY = "1,2";
			};
			name = Debug;
		};
		42519C461DAEDC220038A655 /* Release */ = {
			isa = XCBuildConfiguration;
			buildSettings = {
				ALWAYS_SEARCH_USER_PATHS = NO;
				CLANG_ANALYZER_NONNULL = YES;
				CLANG_CXX_LANGUAGE_STANDARD = "gnu++0x";
				CLANG_CXX_LIBRARY = "libc++";
				CLANG_ENABLE_MODULES = YES;
				CLANG_ENABLE_OBJC_ARC = YES;
				CLANG_WARN_BOOL_CONVERSION = YES;
				CLANG_WARN_CONSTANT_CONVERSION = YES;
				CLANG_WARN_DIRECT_OBJC_ISA_USAGE = YES_ERROR;
				CLANG_WARN_DOCUMENTATION_COMMENTS = YES;
				CLANG_WARN_EMPTY_BODY = YES;
				CLANG_WARN_ENUM_CONVERSION = YES;
				CLANG_WARN_INFINITE_RECURSION = YES;
				CLANG_WARN_INT_CONVERSION = YES;
				CLANG_WARN_OBJC_ROOT_CLASS = YES_ERROR;
				CLANG_WARN_SUSPICIOUS_MOVE = YES;
				CLANG_WARN_SUSPICIOUS_MOVES = YES;
				CLANG_WARN_UNREACHABLE_CODE = YES;
				CLANG_WARN__DUPLICATE_METHOD_MATCH = YES;
				"CODE_SIGN_IDENTITY[sdk=iphoneos*]" = "iPhone Developer";
				COPY_PHASE_STRIP = NO;
				DEBUG_INFORMATION_FORMAT = "dwarf-with-dsym";
				ENABLE_NS_ASSERTIONS = NO;
				ENABLE_STRICT_OBJC_MSGSEND = YES;
				GCC_C_LANGUAGE_STANDARD = gnu99;
				GCC_NO_COMMON_BLOCKS = YES;
				GCC_WARN_64_TO_32_BIT_CONVERSION = YES;
				GCC_WARN_ABOUT_RETURN_TYPE = YES_ERROR;
				GCC_WARN_UNDECLARED_SELECTOR = YES;
				GCC_WARN_UNINITIALIZED_AUTOS = YES_AGGRESSIVE;
				GCC_WARN_UNUSED_FUNCTION = YES;
				GCC_WARN_UNUSED_VARIABLE = YES;
				IPHONEOS_DEPLOYMENT_TARGET = 10.0;
				MTL_ENABLE_DEBUG_INFO = NO;
				SDKROOT = iphoneos;
				SWIFT_OPTIMIZATION_LEVEL = "-Owholemodule";
				TARGETED_DEVICE_FAMILY = "1,2";
				VALIDATE_PRODUCT = YES;
			};
			name = Release;
		};
		42519C481DAEDC220038A655 /* Debug */ = {
			isa = XCBuildConfiguration;
			baseConfigurationReference = EC4D454D4E40C54059B11F24 /* Pods-Trump vs Hillary.debug.xcconfig */;
			buildSettings = {
				ALWAYS_EMBED_SWIFT_STANDARD_LIBRARIES = YES;
				ASSETCATALOG_COMPILER_APPICON_NAME = AppIcon;
				CODE_SIGN_ENTITLEMENTS = "Trump vs Hillary/Trump vs Hillary.entitlements";
				DEVELOPMENT_TEAM = ZHSR3STEKN;
				FRAMEWORK_SEARCH_PATHS = (
					"$(inherited)",
					"$(PROJECT_DIR)",
					"$(PROJECT_DIR)/Pods/GoogleInterchangeUtilities/Frameworks",
					"$(PROJECT_DIR)/Pods/GoogleNetworkingUtilities/Frameworks",
					"$(PROJECT_DIR)/Pods/GoogleSymbolUtilities/Frameworks",
					"$(PROJECT_DIR)/Pods/GoogleUtilities/Frameworks",
				);
				INFOPLIST_FILE = "Trump vs Hillary/Info.plist";
				LD_RUNPATH_SEARCH_PATHS = "$(inherited) @executable_path/Frameworks";
				PRODUCT_BUNDLE_IDENTIFIER = "com.teamapps.Trump-vs-Hillary";
				PRODUCT_NAME = "$(TARGET_NAME)";
				SWIFT_VERSION = 3.0;
			};
			name = Debug;
		};
		42519C491DAEDC220038A655 /* Release */ = {
			isa = XCBuildConfiguration;
			baseConfigurationReference = EAA755DFE1E47D7B65C57644 /* Pods-Trump vs Hillary.release.xcconfig */;
			buildSettings = {
				ALWAYS_EMBED_SWIFT_STANDARD_LIBRARIES = YES;
				ASSETCATALOG_COMPILER_APPICON_NAME = AppIcon;
				CODE_SIGN_ENTITLEMENTS = "Trump vs Hillary/Trump vs Hillary.entitlements";
				DEVELOPMENT_TEAM = ZHSR3STEKN;
				FRAMEWORK_SEARCH_PATHS = (
					"$(inherited)",
					"$(PROJECT_DIR)",
					"$(PROJECT_DIR)/Pods/GoogleInterchangeUtilities/Frameworks",
					"$(PROJECT_DIR)/Pods/GoogleNetworkingUtilities/Frameworks",
					"$(PROJECT_DIR)/Pods/GoogleSymbolUtilities/Frameworks",
					"$(PROJECT_DIR)/Pods/GoogleUtilities/Frameworks",
				);
				INFOPLIST_FILE = "Trump vs Hillary/Info.plist";
				LD_RUNPATH_SEARCH_PATHS = "$(inherited) @executable_path/Frameworks";
				PRODUCT_BUNDLE_IDENTIFIER = "com.teamapps.Trump-vs-Hillary";
				PRODUCT_NAME = "$(TARGET_NAME)";
				SWIFT_VERSION = 3.0;
			};
			name = Release;
		};
		42519C4B1DAEDC220038A655 /* Debug */ = {
			isa = XCBuildConfiguration;
			baseConfigurationReference = 87BC6DFD8F1E6A81FD9D4562 /* Pods-Trump vs HillaryTests.debug.xcconfig */;
			buildSettings = {
				ALWAYS_EMBED_SWIFT_STANDARD_LIBRARIES = YES;
				BUNDLE_LOADER = "$(TEST_HOST)";
				DEVELOPMENT_TEAM = 565DE2Z895;
				INFOPLIST_FILE = "Trump vs HillaryTests/Info.plist";
				LD_RUNPATH_SEARCH_PATHS = "$(inherited) @executable_path/Frameworks @loader_path/Frameworks";
				PRODUCT_BUNDLE_IDENTIFIER = "com.teamapps.Trump-vs-HillaryTests";
				PRODUCT_NAME = "$(TARGET_NAME)";
				SWIFT_VERSION = 3.0;
				TEST_HOST = "$(BUILT_PRODUCTS_DIR)/Trump vs Hillary.app/Trump vs Hillary";
			};
			name = Debug;
		};
		42519C4C1DAEDC220038A655 /* Release */ = {
			isa = XCBuildConfiguration;
			baseConfigurationReference = 8CF7B95EC94792E25A9ADF49 /* Pods-Trump vs HillaryTests.release.xcconfig */;
			buildSettings = {
				ALWAYS_EMBED_SWIFT_STANDARD_LIBRARIES = YES;
				BUNDLE_LOADER = "$(TEST_HOST)";
				DEVELOPMENT_TEAM = 565DE2Z895;
				INFOPLIST_FILE = "Trump vs HillaryTests/Info.plist";
				LD_RUNPATH_SEARCH_PATHS = "$(inherited) @executable_path/Frameworks @loader_path/Frameworks";
				PRODUCT_BUNDLE_IDENTIFIER = "com.teamapps.Trump-vs-HillaryTests";
				PRODUCT_NAME = "$(TARGET_NAME)";
				SWIFT_VERSION = 3.0;
				TEST_HOST = "$(BUILT_PRODUCTS_DIR)/Trump vs Hillary.app/Trump vs Hillary";
			};
			name = Release;
		};
		42519C4E1DAEDC220038A655 /* Debug */ = {
			isa = XCBuildConfiguration;
			baseConfigurationReference = C31A7C59504FBBCC69F89ECD /* Pods-Trump vs HillaryUITests.debug.xcconfig */;
			buildSettings = {
				ALWAYS_EMBED_SWIFT_STANDARD_LIBRARIES = YES;
				DEVELOPMENT_TEAM = 565DE2Z895;
				INFOPLIST_FILE = "Trump vs HillaryUITests/Info.plist";
				LD_RUNPATH_SEARCH_PATHS = "$(inherited) @executable_path/Frameworks @loader_path/Frameworks";
				PRODUCT_BUNDLE_IDENTIFIER = "com.teamapps.Trump-vs-HillaryUITests";
				PRODUCT_NAME = "$(TARGET_NAME)";
				SWIFT_VERSION = 3.0;
				TEST_TARGET_NAME = "Trump vs Hillary";
			};
			name = Debug;
		};
		42519C4F1DAEDC220038A655 /* Release */ = {
			isa = XCBuildConfiguration;
			baseConfigurationReference = 9E10731759DFC5B7FE05642B /* Pods-Trump vs HillaryUITests.release.xcconfig */;
			buildSettings = {
				ALWAYS_EMBED_SWIFT_STANDARD_LIBRARIES = YES;
				DEVELOPMENT_TEAM = 565DE2Z895;
				INFOPLIST_FILE = "Trump vs HillaryUITests/Info.plist";
				LD_RUNPATH_SEARCH_PATHS = "$(inherited) @executable_path/Frameworks @loader_path/Frameworks";
				PRODUCT_BUNDLE_IDENTIFIER = "com.teamapps.Trump-vs-HillaryUITests";
				PRODUCT_NAME = "$(TARGET_NAME)";
				SWIFT_VERSION = 3.0;
				TEST_TARGET_NAME = "Trump vs Hillary";
			};
			name = Release;
		};
/* End XCBuildConfiguration section */

/* Begin XCConfigurationList section */
		42519C1A1DAEDC220038A655 /* Build configuration list for PBXProject "Trump vs Hillary" */ = {
			isa = XCConfigurationList;
			buildConfigurations = (
				42519C451DAEDC220038A655 /* Debug */,
				42519C461DAEDC220038A655 /* Release */,
			);
			defaultConfigurationIsVisible = 0;
			defaultConfigurationName = Release;
		};
		42519C471DAEDC220038A655 /* Build configuration list for PBXNativeTarget "Trump vs Hillary" */ = {
			isa = XCConfigurationList;
			buildConfigurations = (
				42519C481DAEDC220038A655 /* Debug */,
				42519C491DAEDC220038A655 /* Release */,
			);
			defaultConfigurationIsVisible = 0;
			defaultConfigurationName = Release;
		};
		42519C4A1DAEDC220038A655 /* Build configuration list for PBXNativeTarget "Trump vs HillaryTests" */ = {
			isa = XCConfigurationList;
			buildConfigurations = (
				42519C4B1DAEDC220038A655 /* Debug */,
				42519C4C1DAEDC220038A655 /* Release */,
			);
			defaultConfigurationIsVisible = 0;
			defaultConfigurationName = Release;
		};
		42519C4D1DAEDC220038A655 /* Build configuration list for PBXNativeTarget "Trump vs HillaryUITests" */ = {
			isa = XCConfigurationList;
			buildConfigurations = (
				42519C4E1DAEDC220038A655 /* Debug */,
				42519C4F1DAEDC220038A655 /* Release */,
			);
			defaultConfigurationIsVisible = 0;
			defaultConfigurationName = Release;
		};
/* End XCConfigurationList section */
	};
	rootObject = 42519C171DAEDC220038A655 /* Project object */;
}
